// !$*UTF8*$!
{
	archiveVersion = 1;
	classes = {
	};
	objectVersion = 46;
	objects = {

/* Begin PBXBuildFile section */
		0750090214217E9A00F89F50 /* Foundation.framework in Frameworks */ = {isa = PBXBuildFile; fileRef = 0750090114217E9A00F89F50 /* Foundation.framework */; };
		0750090514217E9A00F89F50 /* main.m in Sources */ = {isa = PBXBuildFile; fileRef = 0750090414217E9A00F89F50 /* main.m */; };
		0750090914217E9A00F89F50 /* Cusack.1 in CopyFiles */ = {isa = PBXBuildFile; fileRef = 0750090814217E9A00F89F50 /* Cusack.1 */; };
		0750091114217F3500F89F50 /* CoreData.framework in Frameworks */ = {isa = PBXBuildFile; fileRef = 0750090F14217F2200F89F50 /* CoreData.framework */; };
		0750091414217F4800F89F50 /* HTTPServer.m in Sources */ = {isa = PBXBuildFile; fileRef = 0750091314217F4800F89F50 /* HTTPServer.m */; };
		0750091714217F5200F89F50 /* HTTPConnection.m in Sources */ = {isa = PBXBuildFile; fileRef = 0750091614217F5200F89F50 /* HTTPConnection.m */; };
		0750092214217F5A00F89F50 /* CusackApp.m in Sources */ = {isa = PBXBuildFile; fileRef = 0750091914217F5A00F89F50 /* CusackApp.m */; };
		0750092314217F5A00F89F50 /* SampleCusackApp.m in Sources */ = {isa = PBXBuildFile; fileRef = 0750091B14217F5A00F89F50 /* SampleCusackApp.m */; };
		0750092414217F5A00F89F50 /* Route.m in Sources */ = {isa = PBXBuildFile; fileRef = 0750091D14217F5A00F89F50 /* Route.m */; };
		0750092514217F5A00F89F50 /* Request.m in Sources */ = {isa = PBXBuildFile; fileRef = 0750091F14217F5A00F89F50 /* Request.m */; };
		0750092614217F5A00F89F50 /* ResponseManager.m in Sources */ = {isa = PBXBuildFile; fileRef = 0750092114217F5A00F89F50 /* ResponseManager.m */; };
		075009291421804900F89F50 /* CoreServices.framework in Frameworks */ = {isa = PBXBuildFile; fileRef = 075009271421804400F89F50 /* CoreServices.framework */; };
/* End PBXBuildFile section */

/* Begin PBXCopyFilesBuildPhase section */
		075008FB14217E9A00F89F50 /* CopyFiles */ = {
			isa = PBXCopyFilesBuildPhase;
			buildActionMask = 2147483647;
			dstPath = /usr/share/man/man1/;
			dstSubfolderSpec = 0;
			files = (
				0750090914217E9A00F89F50 /* Cusack.1 in CopyFiles */,
			);
			runOnlyForDeploymentPostprocessing = 1;
		};
/* End PBXCopyFilesBuildPhase section */

/* Begin PBXFileReference section */
		075008FD14217E9A00F89F50 /* Cusack */ = {isa = PBXFileReference; explicitFileType = "compiled.mach-o.executable"; includeInIndex = 0; path = Cusack; sourceTree = BUILT_PRODUCTS_DIR; };
		0750090114217E9A00F89F50 /* Foundation.framework */ = {isa = PBXFileReference; lastKnownFileType = wrapper.framework; name = Foundation.framework; path = System/Library/Frameworks/Foundation.framework; sourceTree = SDKROOT; };
		0750090414217E9A00F89F50 /* main.m */ = {isa = PBXFileReference; lastKnownFileType = sourcecode.c.objc; path = main.m; sourceTree = "<group>"; };
		0750090714217E9A00F89F50 /* Cusack-Prefix.pch */ = {isa = PBXFileReference; lastKnownFileType = sourcecode.c.h; path = "Cusack-Prefix.pch"; sourceTree = "<group>"; };
		0750090814217E9A00F89F50 /* Cusack.1 */ = {isa = PBXFileReference; lastKnownFileType = text.man; path = Cusack.1; sourceTree = "<group>"; };
		0750090F14217F2200F89F50 /* CoreData.framework */ = {isa = PBXFileReference; lastKnownFileType = wrapper.framework; name = CoreData.framework; path = System/Library/Frameworks/CoreData.framework; sourceTree = SDKROOT; };
		0750091214217F4800F89F50 /* HTTPServer.h */ = {isa = PBXFileReference; fileEncoding = 4; lastKnownFileType = sourcecode.c.h; path = HTTPServer.h; sourceTree = "<group>"; };
		0750091314217F4800F89F50 /* HTTPServer.m */ = {isa = PBXFileReference; fileEncoding = 4; lastKnownFileType = sourcecode.c.objc; path = HTTPServer.m; sourceTree = "<group>"; };
		0750091514217F5200F89F50 /* HTTPConnection.h */ = {isa = PBXFileReference; fileEncoding = 4; lastKnownFileType = sourcecode.c.h; path = HTTPConnection.h; sourceTree = "<group>"; };
		0750091614217F5200F89F50 /* HTTPConnection.m */ = {isa = PBXFileReference; fileEncoding = 4; lastKnownFileType = sourcecode.c.objc; path = HTTPConnection.m; sourceTree = "<group>"; };
		0750091814217F5A00F89F50 /* CusackApp.h */ = {isa = PBXFileReference; fileEncoding = 4; lastKnownFileType = sourcecode.c.h; path = CusackApp.h; sourceTree = "<group>"; };
		0750091914217F5A00F89F50 /* CusackApp.m */ = {isa = PBXFileReference; fileEncoding = 4; lastKnownFileType = sourcecode.c.objc; path = CusackApp.m; sourceTree = "<group>"; };
		0750091A14217F5A00F89F50 /* SampleCusackApp.h */ = {isa = PBXFileReference; fileEncoding = 4; lastKnownFileType = sourcecode.c.h; path = SampleCusackApp.h; sourceTree = "<group>"; };
		0750091B14217F5A00F89F50 /* SampleCusackApp.m */ = {isa = PBXFileReference; fileEncoding = 4; lastKnownFileType = sourcecode.c.objc; path = SampleCusackApp.m; sourceTree = "<group>"; };
		0750091C14217F5A00F89F50 /* Route.h */ = {isa = PBXFileReference; fileEncoding = 4; lastKnownFileType = sourcecode.c.h; path = Route.h; sourceTree = "<group>"; };
		0750091D14217F5A00F89F50 /* Route.m */ = {isa = PBXFileReference; fileEncoding = 4; lastKnownFileType = sourcecode.c.objc; path = Route.m; sourceTree = "<group>"; };
		0750091E14217F5A00F89F50 /* Request.h */ = {isa = PBXFileReference; fileEncoding = 4; lastKnownFileType = sourcecode.c.h; path = Request.h; sourceTree = "<group>"; };
		0750091F14217F5A00F89F50 /* Request.m */ = {isa = PBXFileReference; fileEncoding = 4; lastKnownFileType = sourcecode.c.objc; path = Request.m; sourceTree = "<group>"; };
		0750092014217F5A00F89F50 /* ResponseManager.h */ = {isa = PBXFileReference; fileEncoding = 4; lastKnownFileType = sourcecode.c.h; path = ResponseManager.h; sourceTree = "<group>"; };
		0750092114217F5A00F89F50 /* ResponseManager.m */ = {isa = PBXFileReference; fileEncoding = 4; lastKnownFileType = sourcecode.c.objc; path = ResponseManager.m; sourceTree = "<group>"; };
		075009271421804400F89F50 /* CoreServices.framework */ = {isa = PBXFileReference; lastKnownFileType = wrapper.framework; name = CoreServices.framework; path = System/Library/Frameworks/CoreServices.framework; sourceTree = SDKROOT; };
/* End PBXFileReference section */

/* Begin PBXFrameworksBuildPhase section */
		075008FA14217E9A00F89F50 /* Frameworks */ = {
			isa = PBXFrameworksBuildPhase;
			buildActionMask = 2147483647;
			files = (
				0750091114217F3500F89F50 /* CoreData.framework in Frameworks */,
				0750090214217E9A00F89F50 /* Foundation.framework in Frameworks */,
				075009291421804900F89F50 /* CoreServices.framework in Frameworks */,
			);
			runOnlyForDeploymentPostprocessing = 0;
		};
/* End PBXFrameworksBuildPhase section */

/* Begin PBXGroup section */
		075008F214217E9A00F89F50 = {
			isa = PBXGroup;
			children = (
				0750090314217E9A00F89F50 /* Cusack */,
				0750090014217E9A00F89F50 /* Frameworks */,
				075008FE14217E9A00F89F50 /* Products */,
			);
			sourceTree = "<group>";
		};
		075008FE14217E9A00F89F50 /* Products */ = {
			isa = PBXGroup;
			children = (
				075008FD14217E9A00F89F50 /* Cusack */,
			);
			name = Products;
			sourceTree = "<group>";
		};
		0750090014217E9A00F89F50 /* Frameworks */ = {
			isa = PBXGroup;
			children = (
				075009271421804400F89F50 /* CoreServices.framework */,
				0750090F14217F2200F89F50 /* CoreData.framework */,
				0750090114217E9A00F89F50 /* Foundation.framework */,
			);
			name = Frameworks;
			sourceTree = "<group>";
		};
		0750090314217E9A00F89F50 /* Cusack */ = {
			isa = PBXGroup;
			children = (
				0750091214217F4800F89F50 /* HTTPServer.h */,
				0750091314217F4800F89F50 /* HTTPServer.m */,
				0750091514217F5200F89F50 /* HTTPConnection.h */,
				0750091614217F5200F89F50 /* HTTPConnection.m */,
				0750091814217F5A00F89F50 /* CusackApp.h */,
				0750091914217F5A00F89F50 /* CusackApp.m */,
				0750091A14217F5A00F89F50 /* SampleCusackApp.h */,
				0750091B14217F5A00F89F50 /* SampleCusackApp.m */,
				0750091C14217F5A00F89F50 /* Route.h */,
				0750091D14217F5A00F89F50 /* Route.m */,
				0750091E14217F5A00F89F50 /* Request.h */,
				0750091F14217F5A00F89F50 /* Request.m */,
				0750092014217F5A00F89F50 /* ResponseManager.h */,
				0750092114217F5A00F89F50 /* ResponseManager.m */,
				0750090414217E9A00F89F50 /* main.m */,
				0750090814217E9A00F89F50 /* Cusack.1 */,
				0750090614217E9A00F89F50 /* Supporting Files */,
			);
			path = Cusack;
			sourceTree = "<group>";
		};
		0750090614217E9A00F89F50 /* Supporting Files */ = {
			isa = PBXGroup;
			children = (
				0750090714217E9A00F89F50 /* Cusack-Prefix.pch */,
			);
			name = "Supporting Files";
			sourceTree = "<group>";
		};
/* End PBXGroup section */

/* Begin PBXNativeTarget section */
		075008FC14217E9A00F89F50 /* Cusack */ = {
			isa = PBXNativeTarget;
			buildConfigurationList = 0750090C14217E9A00F89F50 /* Build configuration list for PBXNativeTarget "Cusack" */;
			buildPhases = (
				075008F914217E9A00F89F50 /* Sources */,
				075008FA14217E9A00F89F50 /* Frameworks */,
				075008FB14217E9A00F89F50 /* CopyFiles */,
			);
			buildRules = (
			);
			dependencies = (
			);
			name = Cusack;
			productName = Cusack;
			productReference = 075008FD14217E9A00F89F50 /* Cusack */;
			productType = "com.apple.product-type.tool";
		};
/* End PBXNativeTarget section */

/* Begin PBXProject section */
		075008F414217E9A00F89F50 /* Project object */ = {
			isa = PBXProject;
			attributes = {
				LastUpgradeCheck = 0420;
			};
			buildConfigurationList = 075008F714217E9A00F89F50 /* Build configuration list for PBXProject "Cusack" */;
			compatibilityVersion = "Xcode 3.2";
			developmentRegion = English;
			hasScannedForEncodings = 0;
			knownRegions = (
				en,
			);
			mainGroup = 075008F214217E9A00F89F50;
			productRefGroup = 075008FE14217E9A00F89F50 /* Products */;
			projectDirPath = "";
			projectRoot = "";
			targets = (
				075008FC14217E9A00F89F50 /* Cusack */,
			);
		};
/* End PBXProject section */

/* Begin PBXSourcesBuildPhase section */
		075008F914217E9A00F89F50 /* Sources */ = {
			isa = PBXSourcesBuildPhase;
			buildActionMask = 2147483647;
			files = (
				0750090514217E9A00F89F50 /* main.m in Sources */,
				0750091414217F4800F89F50 /* HTTPServer.m in Sources */,
				0750091714217F5200F89F50 /* HTTPConnection.m in Sources */,
				0750092214217F5A00F89F50 /* CusackApp.m in Sources */,
				0750092314217F5A00F89F50 /* SampleCusackApp.m in Sources */,
				0750092414217F5A00F89F50 /* Route.m in Sources */,
				0750092514217F5A00F89F50 /* Request.m in Sources */,
				0750092614217F5A00F89F50 /* ResponseManager.m in Sources */,
			);
			runOnlyForDeploymentPostprocessing = 0;
		};
/* End PBXSourcesBuildPhase section */

/* Begin XCBuildConfiguration section */
		0750090A14217E9A00F89F50 /* Debug */ = {
			isa = XCBuildConfiguration;
			buildSettings = {
				ALWAYS_SEARCH_USER_PATHS = NO;
				ARCHS = "$(ARCHS_STANDARD_64_BIT)";
				CLANG_ENABLE_OBJC_ARC = NO;
				COPY_PHASE_STRIP = NO;
				GCC_C_LANGUAGE_STANDARD = gnu99;
				GCC_DYNAMIC_NO_PIC = NO;
				GCC_ENABLE_OBJC_EXCEPTIONS = YES;
				GCC_OPTIMIZATION_LEVEL = 0;
				GCC_PREPROCESSOR_DEFINITIONS = (
					"DEBUG=1",
					"$(inherited)",
				);
				GCC_SYMBOLS_PRIVATE_EXTERN = NO;
				GCC_VERSION = com.apple.compilers.llvm.clang.1_0;
				GCC_WARN_64_TO_32_BIT_CONVERSION = YES;
				GCC_WARN_ABOUT_MISSING_PROTOTYPES = YES;
				GCC_WARN_ABOUT_RETURN_TYPE = YES;
				GCC_WARN_UNUSED_VARIABLE = YES;
				MACOSX_DEPLOYMENT_TARGET = 10.7;
				ONLY_ACTIVE_ARCH = YES;
				SDKROOT = macosx;
			};
			name = Debug;
		};
		0750090B14217E9A00F89F50 /* Release */ = {
			isa = XCBuildConfiguration;
			buildSettings = {
				ALWAYS_SEARCH_USER_PATHS = NO;
				ARCHS = "$(ARCHS_STANDARD_64_BIT)";
				CLANG_ENABLE_OBJC_ARC = NO;
				COPY_PHASE_STRIP = YES;
				DEBUG_INFORMATION_FORMAT = "dwarf-with-dsym";
				GCC_C_LANGUAGE_STANDARD = gnu99;
				GCC_ENABLE_OBJC_EXCEPTIONS = YES;
				GCC_VERSION = com.apple.compilers.llvm.clang.1_0;
				GCC_WARN_64_TO_32_BIT_CONVERSION = YES;
				GCC_WARN_ABOUT_MISSING_PROTOTYPES = YES;
				GCC_WARN_ABOUT_RETURN_TYPE = YES;
				GCC_WARN_UNUSED_VARIABLE = YES;
				MACOSX_DEPLOYMENT_TARGET = 10.7;
				SDKROOT = macosx;
			};
			name = Release;
		};
		0750090D14217E9A00F89F50 /* Debug */ = {
			isa = XCBuildConfiguration;
			buildSettings = {
				GCC_PRECOMPILE_PREFIX_HEADER = YES;
				GCC_PREFIX_HEADER = "Cusack/Cusack-Prefix.pch";
				PRODUCT_NAME = "$(TARGET_NAME)";
			};
			name = Debug;
		};
		0750090E14217E9A00F89F50 /* Release */ = {
			isa = XCBuildConfiguration;
			buildSettings = {
				GCC_PRECOMPILE_PREFIX_HEADER = YES;
				GCC_PREFIX_HEADER = "Cusack/Cusack-Prefix.pch";
				PRODUCT_NAME = "$(TARGET_NAME)";
			};
			name = Release;
		};
/* End XCBuildConfiguration section */

/* Begin XCConfigurationList section */
		075008F714217E9A00F89F50 /* Build configuration list for PBXProject "Cusack" */ = {
			isa = XCConfigurationList;
			buildConfigurations = (
				0750090A14217E9A00F89F50 /* Debug */,
				0750090B14217E9A00F89F50 /* Release */,
			);
			defaultConfigurationIsVisible = 0;
			defaultConfigurationName = Release;
		};
		0750090C14217E9A00F89F50 /* Build configuration list for PBXNativeTarget "Cusack" */ = {
			isa = XCConfigurationList;
			buildConfigurations = (
				0750090D14217E9A00F89F50 /* Debug */,
				0750090E14217E9A00F89F50 /* Release */,
			);
			defaultConfigurationIsVisible = 0;
			defaultConfigurationName = Release;
		};
/* End XCConfigurationList section */
	};
	rootObject = 075008F414217E9A00F89F50 /* Project object */;
}
